
Microsoft Visual Studio Solution File, Format Version 12.00
# Visual Studio Version 16
VisualStudioVersion = 16.0.31019.35
MinimumVisualStudioVersion = 10.0.40219.1
Project("{FAE04EC0-301F-11D3-BF4B-00C04F79EFBC}") = "Bannerlord_Mod_Test", "Bannerlord_Mod_Test\Bannerlord_Mod_Test.csproj", "{7C56A442-E141-45CD-ACB0-D303A8E4EA77}"
EndProject
Global
	GlobalSection(SolutionConfigurationPlatforms) = preSolution
		Debug|Any CPU = Debug|Any CPU
		Release|Any CPU = Release|Any CPU
	EndGlobalSection
	GlobalSection(ProjectConfigurationPlatforms) = postSolution
		{7C56A442-E141-45CD-ACB0-D303A8E4EA77}.Debug|Any CPU.ActiveCfg = Debug|Any CPU
		{7C56A442-E141-45CD-ACB0-D303A8E4EA77}.Debug|Any CPU.Build.0 = Debug|Any CPU
		{7C56A442-E141-45CD-ACB0-D303A8E4EA77}.Release|Any CPU.ActiveCfg = Release|Any CPU
		{7C56A442-E141-45CD-ACB0-D303A8E4EA77}.Release|Any CPU.Build.0 = Release|Any CPU
	EndGlobalSection
	GlobalSection(SolutionProperties) = preSolution
		HideSolutionNode = FALSE
	EndGlobalSection
	GlobalSection(ExtensibilityGlobals) = postSolution
		SolutionGuid = {C302D205-EDEA-44C2-B1EF-1FB67012B188}
	EndGlobalSection
EndGlobal
